// !$*UTF8*$!
{
	archiveVersion = 1;
	classes = {
	};
	objectVersion = 56;
	objects = {

/* Begin PBXBuildFile section */
		AB4659712988432500FE3751 /* SumSeriesApp.swift in Sources */ = {isa = PBXBuildFile; fileRef = AB4659702988432500FE3751 /* SumSeriesApp.swift */; };
		AB4659732988432500FE3751 /* ContentView.swift in Sources */ = {isa = PBXBuildFile; fileRef = AB4659722988432500FE3751 /* ContentView.swift */; };
		AB4659752988432600FE3751 /* Assets.xcassets in Resources */ = {isa = PBXBuildFile; fileRef = AB4659742988432600FE3751 /* Assets.xcassets */; };
		AB4659792988432600FE3751 /* Preview Assets.xcassets in Resources */ = {isa = PBXBuildFile; fileRef = AB4659782988432600FE3751 /* Preview Assets.xcassets */; };
		AB4659832988432600FE3751 /* SumSeriesTests.swift in Sources */ = {isa = PBXBuildFile; fileRef = AB4659822988432600FE3751 /* SumSeriesTests.swift */; };
		AB46598D2988432600FE3751 /* SumSeriesUITests.swift in Sources */ = {isa = PBXBuildFile; fileRef = AB46598C2988432600FE3751 /* SumSeriesUITests.swift */; };
		AB46598F2988432600FE3751 /* SumSeriesUITestsLaunchTests.swift in Sources */ = {isa = PBXBuildFile; fileRef = AB46598E2988432600FE3751 /* SumSeriesUITestsLaunchTests.swift */; };
/* End PBXBuildFile section */

/* Begin PBXContainerItemProxy section */
		AB46597F2988432600FE3751 /* PBXContainerItemProxy */ = {
			isa = PBXContainerItemProxy;
			containerPortal = AB4659652988432500FE3751 /* Project object */;
			proxyType = 1;
			remoteGlobalIDString = AB46596C2988432500FE3751;
			remoteInfo = SumSeries;
		};
		AB4659892988432600FE3751 /* PBXContainerItemProxy */ = {
			isa = PBXContainerItemProxy;
			containerPortal = AB4659652988432500FE3751 /* Project object */;
			proxyType = 1;
			remoteGlobalIDString = AB46596C2988432500FE3751;
			remoteInfo = SumSeries;
		};
/* End PBXContainerItemProxy section */

/* Begin PBXFileReference section */
		AB46596D2988432500FE3751 /* SumSeries.app */ = {isa = PBXFileReference; explicitFileType = wrapper.application; includeInIndex = 0; path = SumSeries.app; sourceTree = BUILT_PRODUCTS_DIR; };
		AB4659702988432500FE3751 /* SumSeriesApp.swift */ = {isa = PBXFileReference; lastKnownFileType = sourcecode.swift; path = SumSeriesApp.swift; sourceTree = "<group>"; };
		AB4659722988432500FE3751 /* ContentView.swift */ = {isa = PBXFileReference; lastKnownFileType = sourcecode.swift; path = ContentView.swift; sourceTree = "<group>"; };
		AB4659742988432600FE3751 /* Assets.xcassets */ = {isa = PBXFileReference; lastKnownFileType = folder.assetcatalog; path = Assets.xcassets; sourceTree = "<group>"; };
		AB4659762988432600FE3751 /* SumSeries.entitlements */ = {isa = PBXFileReference; lastKnownFileType = text.plist.entitlements; path = SumSeries.entitlements; sourceTree = "<group>"; };
		AB4659782988432600FE3751 /* Preview Assets.xcassets */ = {isa = PBXFileReference; lastKnownFileType = folder.assetcatalog; path = "Preview Assets.xcassets"; sourceTree = "<group>"; };
		AB46597E2988432600FE3751 /* SumSeriesTests.xctest */ = {isa = PBXFileReference; explicitFileType = wrapper.cfbundle; includeInIndex = 0; path = SumSeriesTests.xctest; sourceTree = BUILT_PRODUCTS_DIR; };
		AB4659822988432600FE3751 /* SumSeriesTests.swift */ = {isa = PBXFileReference; lastKnownFileType = sourcecode.swift; path = SumSeriesTests.swift; sourceTree = "<group>"; };
		AB4659882988432600FE3751 /* SumSeriesUITests.xctest */ = {isa = PBXFileReference; explicitFileType = wrapper.cfbundle; includeInIndex = 0; path = SumSeriesUITests.xctest; sourceTree = BUILT_PRODUCTS_DIR; };
		AB46598C2988432600FE3751 /* SumSeriesUITests.swift */ = {isa = PBXFileReference; lastKnownFileType = sourcecode.swift; path = SumSeriesUITests.swift; sourceTree = "<group>"; };
		AB46598E2988432600FE3751 /* SumSeriesUITestsLaunchTests.swift */ = {isa = PBXFileReference; lastKnownFileType = sourcecode.swift; path = SumSeriesUITestsLaunchTests.swift; sourceTree = "<group>"; };
/* End PBXFileReference section */

/* Begin PBXFrameworksBuildPhase section */
		AB46596A2988432500FE3751 /* Frameworks */ = {
			isa = PBXFrameworksBuildPhase;
			buildActionMask = 2147483647;
			files = (
			);
			runOnlyForDeploymentPostprocessing = 0;
		};
		AB46597B2988432600FE3751 /* Frameworks */ = {
			isa = PBXFrameworksBuildPhase;
			buildActionMask = 2147483647;
			files = (
			);
			runOnlyForDeploymentPostprocessing = 0;
		};
		AB4659852988432600FE3751 /* Frameworks */ = {
			isa = PBXFrameworksBuildPhase;
			buildActionMask = 2147483647;
			files = (
			);
			runOnlyForDeploymentPostprocessing = 0;
		};
/* End PBXFrameworksBuildPhase section */

/* Begin PBXGroup section */
		AB4659642988432500FE3751 = {
			isa = PBXGroup;
			children = (
				AB46596F2988432500FE3751 /* SumSeries */,
				AB4659812988432600FE3751 /* SumSeriesTests */,
				AB46598B2988432600FE3751 /* SumSeriesUITests */,
				AB46596E2988432500FE3751 /* Products */,
			);
			sourceTree = "<group>";
		};
		AB46596E2988432500FE3751 /* Products */ = {
			isa = PBXGroup;
			children = (
				AB46596D2988432500FE3751 /* SumSeries.app */,
				AB46597E2988432600FE3751 /* SumSeriesTests.xctest */,
				AB4659882988432600FE3751 /* SumSeriesUITests.xctest */,
			);
			name = Products;
			sourceTree = "<group>";
		};
		AB46596F2988432500FE3751 /* SumSeries */ = {
			isa = PBXGroup;
			children = (
				AB4659702988432500FE3751 /* SumSeriesApp.swift */,
				AB4659722988432500FE3751 /* ContentView.swift */,
				AB4659742988432600FE3751 /* Assets.xcassets */,
				AB4659762988432600FE3751 /* SumSeries.entitlements */,
				AB4659772988432600FE3751 /* Preview Content */,
			);
			path = SumSeries;
			sourceTree = "<group>";
		};
		AB4659772988432600FE3751 /* Preview Content */ = {
			isa = PBXGroup;
			children = (
				AB4659782988432600FE3751 /* Preview Assets.xcassets */,
			);
			path = "Preview Content";
			sourceTree = "<group>";
		};
		AB4659812988432600FE3751 /* SumSeriesTests */ = {
			isa = PBXGroup;
			children = (
				AB4659822988432600FE3751 /* SumSeriesTests.swift */,
			);
			path = SumSeriesTests;
			sourceTree = "<group>";
		};
		AB46598B2988432600FE3751 /* SumSeriesUITests */ = {
			isa = PBXGroup;
			children = (
				AB46598C2988432600FE3751 /* SumSeriesUITests.swift */,
				AB46598E2988432600FE3751 /* SumSeriesUITestsLaunchTests.swift */,
			);
			path = SumSeriesUITests;
			sourceTree = "<group>";
		};
/* End PBXGroup section */

/* Begin PBXNativeTarget section */
		AB46596C2988432500FE3751 /* SumSeries */ = {
			isa = PBXNativeTarget;
			buildConfigurationList = AB4659922988432600FE3751 /* Build configuration list for PBXNativeTarget "SumSeries" */;
			buildPhases = (
				AB4659692988432500FE3751 /* Sources */,
				AB46596A2988432500FE3751 /* Frameworks */,
				AB46596B2988432500FE3751 /* Resources */,
			);
			buildRules = (
			);
			dependencies = (
			);
			name = SumSeries;
			productName = SumSeries;
			productReference = AB46596D2988432500FE3751 /* SumSeries.app */;
			productType = "com.apple.product-type.application";
		};
		AB46597D2988432600FE3751 /* SumSeriesTests */ = {
			isa = PBXNativeTarget;
			buildConfigurationList = AB4659952988432600FE3751 /* Build configuration list for PBXNativeTarget "SumSeriesTests" */;
			buildPhases = (
				AB46597A2988432600FE3751 /* Sources */,
				AB46597B2988432600FE3751 /* Frameworks */,
				AB46597C2988432600FE3751 /* Resources */,
			);
			buildRules = (
			);
			dependencies = (
				AB4659802988432600FE3751 /* PBXTargetDependency */,
			);
			name = SumSeriesTests;
			productName = SumSeriesTests;
			productReference = AB46597E2988432600FE3751 /* SumSeriesTests.xctest */;
			productType = "com.apple.product-type.bundle.unit-test";
		};
		AB4659872988432600FE3751 /* SumSeriesUITests */ = {
			isa = PBXNativeTarget;
			buildConfigurationList = AB4659982988432600FE3751 /* Build configuration list for PBXNativeTarget "SumSeriesUITests" */;
			buildPhases = (
				AB4659842988432600FE3751 /* Sources */,
				AB4659852988432600FE3751 /* Frameworks */,
				AB4659862988432600FE3751 /* Resources */,
			);
			buildRules = (
			);
			dependencies = (
				AB46598A2988432600FE3751 /* PBXTargetDependency */,
			);
			name = SumSeriesUITests;
			productName = SumSeriesUITests;
			productReference = AB4659882988432600FE3751 /* SumSeriesUITests.xctest */;
			productType = "com.apple.product-type.bundle.ui-testing";
		};
/* End PBXNativeTarget section */

/* Begin PBXProject section */
		AB4659652988432500FE3751 /* Project object */ = {
			isa = PBXProject;
			attributes = {
				BuildIndependentTargetsInParallel = 1;
				LastSwiftUpdateCheck = 1420;
				LastUpgradeCheck = 1420;
				TargetAttributes = {
					AB46596C2988432500FE3751 = {
						CreatedOnToolsVersion = 14.2;
					};
					AB46597D2988432600FE3751 = {
						CreatedOnToolsVersion = 14.2;
						TestTargetID = AB46596C2988432500FE3751;
					};
					AB4659872988432600FE3751 = {
						CreatedOnToolsVersion = 14.2;
						TestTargetID = AB46596C2988432500FE3751;
					};
				};
			};
			buildConfigurationList = AB4659682988432500FE3751 /* Build configuration list for PBXProject "SumSeries" */;
			compatibilityVersion = "Xcode 14.0";
			developmentRegion = en;
			hasScannedForEncodings = 0;
			knownRegions = (
				en,
				Base,
			);
			mainGroup = AB4659642988432500FE3751;
			productRefGroup = AB46596E2988432500FE3751 /* Products */;
			projectDirPath = "";
			projectRoot = "";
			targets = (
				AB46596C2988432500FE3751 /* SumSeries */,
				AB46597D2988432600FE3751 /* SumSeriesTests */,
				AB4659872988432600FE3751 /* SumSeriesUITests */,
			);
		};
/* End PBXProject section */

/* Begin PBXResourcesBuildPhase section */
		AB46596B2988432500FE3751 /* Resources */ = {
			isa = PBXResourcesBuildPhase;
			buildActionMask = 2147483647;
			files = (
				AB4659792988432600FE3751 /* Preview Assets.xcassets in Resources */,
				AB4659752988432600FE3751 /* Assets.xcassets in Resources */,
			);
			runOnlyForDeploymentPostprocessing = 0;
		};
		AB46597C2988432600FE3751 /* Resources */ = {
			isa = PBXResourcesBuildPhase;
			buildActionMask = 2147483647;
			files = (
			);
			runOnlyForDeploymentPostprocessing = 0;
		};
		AB4659862988432600FE3751 /* Resources */ = {
			isa = PBXResourcesBuildPhase;
			buildActionMask = 2147483647;
			files = (
			);
			runOnlyForDeploymentPostprocessing = 0;
		};
/* End PBXResourcesBuildPhase section */

/* Begin PBXSourcesBuildPhase section */
		AB4659692988432500FE3751 /* Sources */ = {
			isa = PBXSourcesBuildPhase;
			buildActionMask = 2147483647;
			files = (
				AB4659732988432500FE3751 /* ContentView.swift in Sources */,
				AB4659712988432500FE3751 /* SumSeriesApp.swift in Sources */,
			);
			runOnlyForDeploymentPostprocessing = 0;
		};
		AB46597A2988432600FE3751 /* Sources */ = {
			isa = PBXSourcesBuildPhase;
			buildActionMask = 2147483647;
			files = (
				AB4659832988432600FE3751 /* SumSeriesTests.swift in Sources */,
			);
			runOnlyForDeploymentPostprocessing = 0;
		};
		AB4659842988432600FE3751 /* Sources */ = {
			isa = PBXSourcesBuildPhase;
			buildActionMask = 2147483647;
			files = (
				AB46598D2988432600FE3751 /* SumSeriesUITests.swift in Sources */,
				AB46598F2988432600FE3751 /* SumSeriesUITestsLaunchTests.swift in Sources */,
			);
			runOnlyForDeploymentPostprocessing = 0;
		};
/* End PBXSourcesBuildPhase section */

/* Begin PBXTargetDependency section */
		AB4659802988432600FE3751 /* PBXTargetDependency */ = {
			isa = PBXTargetDependency;
			target = AB46596C2988432500FE3751 /* SumSeries */;
			targetProxy = AB46597F2988432600FE3751 /* PBXContainerItemProxy */;
		};
		AB46598A2988432600FE3751 /* PBXTargetDependency */ = {
			isa = PBXTargetDependency;
			target = AB46596C2988432500FE3751 /* SumSeries */;
			targetProxy = AB4659892988432600FE3751 /* PBXContainerItemProxy */;
		};
/* End PBXTargetDependency section */

/* Begin XCBuildConfiguration section */
		AB4659902988432600FE3751 /* Debug */ = {
			isa = XCBuildConfiguration;
			buildSettings = {
				ALWAYS_SEARCH_USER_PATHS = NO;
				CLANG_ANALYZER_NONNULL = YES;
				CLANG_ANALYZER_NUMBER_OBJECT_CONVERSION = YES_AGGRESSIVE;
				CLANG_CXX_LANGUAGE_STANDARD = "gnu++20";
				CLANG_ENABLE_MODULES = YES;
				CLANG_ENABLE_OBJC_ARC = YES;
				CLANG_ENABLE_OBJC_WEAK = YES;
				CLANG_WARN_BLOCK_CAPTURE_AUTORELEASING = YES;
				CLANG_WARN_BOOL_CONVERSION = YES;
				CLANG_WARN_COMMA = YES;
				CLANG_WARN_CONSTANT_CONVERSION = YES;
				CLANG_WARN_DEPRECATED_OBJC_IMPLEMENTATIONS = YES;
				CLANG_WARN_DIRECT_OBJC_ISA_USAGE = YES_ERROR;
				CLANG_WARN_DOCUMENTATION_COMMENTS = YES;
				CLANG_WARN_EMPTY_BODY = YES;
				CLANG_WARN_ENUM_CONVERSION = YES;
				CLANG_WARN_INFINITE_RECURSION = YES;
				CLANG_WARN_INT_CONVERSION = YES;
				CLANG_WARN_NON_LITERAL_NULL_CONVERSION = YES;
				CLANG_WARN_OBJC_IMPLICIT_RETAIN_SELF = YES;
				CLANG_WARN_OBJC_LITERAL_CONVERSION = YES;
				CLANG_WARN_OBJC_ROOT_CLASS = YES_ERROR;
				CLANG_WARN_QUOTED_INCLUDE_IN_FRAMEWORK_HEADER = YES;
				CLANG_WARN_RANGE_LOOP_ANALYSIS = YES;
				CLANG_WARN_STRICT_PROTOTYPES = YES;
				CLANG_WARN_SUSPICIOUS_MOVE = YES;
				CLANG_WARN_UNGUARDED_AVAILABILITY = YES_AGGRESSIVE;
				CLANG_WARN_UNREACHABLE_CODE = YES;
				CLANG_WARN__DUPLICATE_METHOD_MATCH = YES;
				COPY_PHASE_STRIP = NO;
				DEBUG_INFORMATION_FORMAT = dwarf;
				ENABLE_STRICT_OBJC_MSGSEND = YES;
				ENABLE_TESTABILITY = YES;
				GCC_C_LANGUAGE_STANDARD = gnu11;
				GCC_DYNAMIC_NO_PIC = NO;
				GCC_NO_COMMON_BLOCKS = YES;
				GCC_OPTIMIZATION_LEVEL = 0;
				GCC_PREPROCESSOR_DEFINITIONS = (
					"DEBUG=1",
					"$(inherited)",
				);
				GCC_WARN_64_TO_32_BIT_CONVERSION = YES;
				GCC_WARN_ABOUT_RETURN_TYPE = YES_ERROR;
				GCC_WARN_UNDECLARED_SELECTOR = YES;
				GCC_WARN_UNINITIALIZED_AUTOS = YES_AGGRESSIVE;
				GCC_WARN_UNUSED_FUNCTION = YES;
				GCC_WARN_UNUSED_VARIABLE = YES;
				MTL_ENABLE_DEBUG_INFO = INCLUDE_SOURCE;
				MTL_FAST_MATH = YES;
				ONLY_ACTIVE_ARCH = YES;
				SWIFT_ACTIVE_COMPILATION_CONDITIONS = DEBUG;
				SWIFT_OPTIMIZATION_LEVEL = "-Onone";
			};
			name = Debug;
		};
		AB4659912988432600FE3751 /* Release */ = {
			isa = XCBuildConfiguration;
			buildSettings = {
				ALWAYS_SEARCH_USER_PATHS = NO;
				CLANG_ANALYZER_NONNULL = YES;
				CLANG_ANALYZER_NUMBER_OBJECT_CONVERSION = YES_AGGRESSIVE;
				CLANG_CXX_LANGUAGE_STANDARD = "gnu++20";
				CLANG_ENABLE_MODULES = YES;
				CLANG_ENABLE_OBJC_ARC = YES;
				CLANG_ENABLE_OBJC_WEAK = YES;
				CLANG_WARN_BLOCK_CAPTURE_AUTORELEASING = YES;
				CLANG_WARN_BOOL_CONVERSION = YES;
				CLANG_WARN_COMMA = YES;
				CLANG_WARN_CONSTANT_CONVERSION = YES;
				CLANG_WARN_DEPRECATED_OBJC_IMPLEMENTATIONS = YES;
				CLANG_WARN_DIRECT_OBJC_ISA_USAGE = YES_ERROR;
				CLANG_WARN_DOCUMENTATION_COMMENTS = YES;
				CLANG_WARN_EMPTY_BODY = YES;
				CLANG_WARN_ENUM_CONVERSION = YES;
				CLANG_WARN_INFINITE_RECURSION = YES;
				CLANG_WARN_INT_CONVERSION = YES;
				CLANG_WARN_NON_LITERAL_NULL_CONVERSION = YES;
				CLANG_WARN_OBJC_IMPLICIT_RETAIN_SELF = YES;
				CLANG_WARN_OBJC_LITERAL_CONVERSION = YES;
				CLANG_WARN_OBJC_ROOT_CLASS = YES_ERROR;
				CLANG_WARN_QUOTED_INCLUDE_IN_FRAMEWORK_HEADER = YES;
				CLANG_WARN_RANGE_LOOP_ANALYSIS = YES;
				CLANG_WARN_STRICT_PROTOTYPES = YES;
				CLANG_WARN_SUSPICIOUS_MOVE = YES;
				CLANG_WARN_UNGUARDED_AVAILABILITY = YES_AGGRESSIVE;
				CLANG_WARN_UNREACHABLE_CODE = YES;
				CLANG_WARN__DUPLICATE_METHOD_MATCH = YES;
				COPY_PHASE_STRIP = NO;
				DEBUG_INFORMATION_FORMAT = "dwarf-with-dsym";
				ENABLE_NS_ASSERTIONS = NO;
				ENABLE_STRICT_OBJC_MSGSEND = YES;
				GCC_C_LANGUAGE_STANDARD = gnu11;
				GCC_NO_COMMON_BLOCKS = YES;
				GCC_WARN_64_TO_32_BIT_CONVERSION = YES;
				GCC_WARN_ABOUT_RETURN_TYPE = YES_ERROR;
				GCC_WARN_UNDECLARED_SELECTOR = YES;
				GCC_WARN_UNINITIALIZED_AUTOS = YES_AGGRESSIVE;
				GCC_WARN_UNUSED_FUNCTION = YES;
				GCC_WARN_UNUSED_VARIABLE = YES;
				MTL_ENABLE_DEBUG_INFO = NO;
				MTL_FAST_MATH = YES;
				SWIFT_COMPILATION_MODE = wholemodule;
				SWIFT_OPTIMIZATION_LEVEL = "-O";
			};
			name = Release;
		};
		AB4659932988432600FE3751 /* Debug */ = {
			isa = XCBuildConfiguration;
			buildSettings = {
				ASSETCATALOG_COMPILER_APPICON_NAME = AppIcon;
				ASSETCATALOG_COMPILER_GLOBAL_ACCENT_COLOR_NAME = AccentColor;
				CODE_SIGN_ENTITLEMENTS = SumSeries/SumSeries.entitlements;
				CODE_SIGN_STYLE = Automatic;
				CURRENT_PROJECT_VERSION = 1;
				DEVELOPMENT_ASSET_PATHS = "\"SumSeries/Preview Content\"";
				ENABLE_PREVIEWS = YES;
				GENERATE_INFOPLIST_FILE = YES;
				"INFOPLIST_KEY_UIApplicationSceneManifest_Generation[sdk=iphoneos*]" = YES;
				"INFOPLIST_KEY_UIApplicationSceneManifest_Generation[sdk=iphonesimulator*]" = YES;
				"INFOPLIST_KEY_UIApplicationSupportsIndirectInputEvents[sdk=iphoneos*]" = YES;
				"INFOPLIST_KEY_UIApplicationSupportsIndirectInputEvents[sdk=iphonesimulator*]" = YES;
				"INFOPLIST_KEY_UILaunchScreen_Generation[sdk=iphoneos*]" = YES;
				"INFOPLIST_KEY_UILaunchScreen_Generation[sdk=iphonesimulator*]" = YES;
				"INFOPLIST_KEY_UIStatusBarStyle[sdk=iphoneos*]" = UIStatusBarStyleDefault;
				"INFOPLIST_KEY_UIStatusBarStyle[sdk=iphonesimulator*]" = UIStatusBarStyleDefault;
				INFOPLIST_KEY_UISupportedInterfaceOrientations_iPad = "UIInterfaceOrientationPortrait UIInterfaceOrientationPortraitUpsideDown UIInterfaceOrientationLandscapeLeft UIInterfaceOrientationLandscapeRight";
				INFOPLIST_KEY_UISupportedInterfaceOrientations_iPhone = "UIInterfaceOrientationPortrait UIInterfaceOrientationLandscapeLeft UIInterfaceOrientationLandscapeRight";
				IPHONEOS_DEPLOYMENT_TARGET = 16.2;
				LD_RUNPATH_SEARCH_PATHS = "@executable_path/Frameworks";
				"LD_RUNPATH_SEARCH_PATHS[sdk=macosx*]" = "@executable_path/../Frameworks";
				MACOSX_DEPLOYMENT_TARGET = 13.1;
				MARKETING_VERSION = 1.0;
				PRODUCT_BUNDLE_IDENTIFIER = com.MV.SumSeries;
				PRODUCT_NAME = "$(TARGET_NAME)";
				SDKROOT = auto;
				SUPPORTED_PLATFORMS = "iphoneos iphonesimulator macosx";
				SWIFT_EMIT_LOC_STRINGS = YES;
				SWIFT_VERSION = 5.0;
				TARGETED_DEVICE_FAMILY = "1,2";
			};
			name = Debug;
		};
		AB4659942988432600FE3751 /* Release */ = {
			isa = XCBuildConfiguration;
			buildSettings = {
				ASSETCATALOG_COMPILER_APPICON_NAME = AppIcon;
				ASSETCATALOG_COMPILER_GLOBAL_ACCENT_COLOR_NAME = AccentColor;
				CODE_SIGN_ENTITLEMENTS = SumSeries/SumSeries.entitlements;
				CODE_SIGN_STYLE = Automatic;
				CURRENT_PROJECT_VERSION = 1;
				DEVELOPMENT_ASSET_PATHS = "\"SumSeries/Preview Content\"";
				ENABLE_PREVIEWS = YES;
				GENERATE_INFOPLIST_FILE = YES;
				"INFOPLIST_KEY_UIApplicationSceneManifest_Generation[sdk=iphoneos*]" = YES;
				"INFOPLIST_KEY_UIApplicationSceneManifest_Generation[sdk=iphonesimulator*]" = YES;
				"INFOPLIST_KEY_UIApplicationSupportsIndirectInputEvents[sdk=iphoneos*]" = YES;
				"INFOPLIST_KEY_UIApplicationSupportsIndirectInputEvents[sdk=iphonesimulator*]" = YES;
				"INFOPLIST_KEY_UILaunchScreen_Generation[sdk=iphoneos*]" = YES;
				"INFOPLIST_KEY_UILaunchScreen_Generation[sdk=iphonesimulator*]" = YES;
				"INFOPLIST_KEY_UIStatusBarStyle[sdk=iphoneos*]" = UIStatusBarStyleDefault;
				"INFOPLIST_KEY_UIStatusBarStyle[sdk=iphonesimulator*]" = UIStatusBarStyleDefault;
				INFOPLIST_KEY_UISupportedInterfaceOrientations_iPad = "UIInterfaceOrientationPortrait UIInterfaceOrientationPortraitUpsideDown UIInterfaceOrientationLandscapeLeft UIInterfaceOrientationLandscapeRight";
				INFOPLIST_KEY_UISupportedInterfaceOrientations_iPhone = "UIInterfaceOrientationPortrait UIInterfaceOrientationLandscapeLeft UIInterfaceOrientationLandscapeRight";
				IPHONEOS_DEPLOYMENT_TARGET = 16.2;
				LD_RUNPATH_SEARCH_PATHS = "@executable_path/Frameworks";
				"LD_RUNPATH_SEARCH_PATHS[sdk=macosx*]" = "@executable_path/../Frameworks";
				MACOSX_DEPLOYMENT_TARGET = 13.1;
				MARKETING_VERSION = 1.0;
				PRODUCT_BUNDLE_IDENTIFIER = com.MV.SumSeries;
				PRODUCT_NAME = "$(TARGET_NAME)";
				SDKROOT = auto;
				SUPPORTED_PLATFORMS = "iphoneos iphonesimulator macosx";
				SWIFT_EMIT_LOC_STRINGS = YES;
				SWIFT_VERSION = 5.0;
				TARGETED_DEVICE_FAMILY = "1,2";
			};
			name = Release;
		};
		AB4659962988432600FE3751 /* Debug */ = {
			isa = XCBuildConfiguration;
			buildSettings = {
				ALWAYS_EMBED_SWIFT_STANDARD_LIBRARIES = YES;
				BUNDLE_LOADER = "$(TEST_HOST)";
				CODE_SIGN_STYLE = Automatic;
				CURRENT_PROJECT_VERSION = 1;
				GENERATE_INFOPLIST_FILE = YES;
				IPHONEOS_DEPLOYMENT_TARGET = 16.2;
				MACOSX_DEPLOYMENT_TARGET = 13.1;
				MARKETING_VERSION = 1.0;
				PRODUCT_BUNDLE_IDENTIFIER = com.MV.SumSeriesTests;
				PRODUCT_NAME = "$(TARGET_NAME)";
				SDKROOT = auto;
				SUPPORTED_PLATFORMS = "iphoneos iphonesimulator macosx";
				SWIFT_EMIT_LOC_STRINGS = NO;
				SWIFT_VERSION = 5.0;
				TARGETED_DEVICE_FAMILY = "1,2";
				TEST_HOST = "$(BUILT_PRODUCTS_DIR)/SumSeries.app/$(BUNDLE_EXECUTABLE_FOLDER_PATH)/SumSeries";
			};
			name = Debug;
		};
		AB4659972988432600FE3751 /* Release */ = {
			isa = XCBuildConfiguration;
			buildSettings = {
				ALWAYS_EMBED_SWIFT_STANDARD_LIBRARIES = YES;
				BUNDLE_LOADER = "$(TEST_HOST)";
				CODE_SIGN_STYLE = Automatic;
				CURRENT_PROJECT_VERSION = 1;
				GENERATE_INFOPLIST_FILE = YES;
				IPHONEOS_DEPLOYMENT_TARGET = 16.2;
				MACOSX_DEPLOYMENT_TARGET = 13.1;
				MARKETING_VERSION = 1.0;
				PRODUCT_BUNDLE_IDENTIFIER = com.MV.SumSeriesTests;
				PRODUCT_NAME = "$(TARGET_NAME)";
				SDKROOT = auto;
				SUPPORTED_PLATFORMS = "iphoneos iphonesimulator macosx";
				SWIFT_EMIT_LOC_STRINGS = NO;
				SWIFT_VERSION = 5.0;
				TARGETED_DEVICE_FAMILY = "1,2";
				TEST_HOST = "$(BUILT_PRODUCTS_DIR)/SumSeries.app/$(BUNDLE_EXECUTABLE_FOLDER_PATH)/SumSeries";
			};
			name = Release;
		};
		AB4659992988432600FE3751 /* Debug */ = {
			isa = XCBuildConfiguration;
			buildSettings = {
				ALWAYS_EMBED_SWIFT_STANDARD_LIBRARIES = YES;
				CODE_SIGN_STYLE = Automatic;
				CURRENT_PROJECT_VERSION = 1;
				GENERATE_INFOPLIST_FILE = YES;
				IPHONEOS_DEPLOYMENT_TARGET = 16.2;
				MACOSX_DEPLOYMENT_TARGET = 13.1;
				MARKETING_VERSION = 1.0;
				PRODUCT_BUNDLE_IDENTIFIER = com.MV.SumSeriesUITests;
				PRODUCT_NAME = "$(TARGET_NAME)";
				SDKROOT = auto;
				SUPPORTED_PLATFORMS = "iphoneos iphonesimulator macosx";
				SWIFT_EMIT_LOC_STRINGS = NO;
				SWIFT_VERSION = 5.0;
				TARGETED_DEVICE_FAMILY = "1,2";
				TEST_TARGET_NAME = SumSeries;
			};
			name = Debug;
		};
		AB46599A2988432600FE3751 /* Release */ = {
			isa = XCBuildConfiguration;
			buildSettings = {
				ALWAYS_EMBED_SWIFT_STANDARD_LIBRARIES = YES;
				CODE_SIGN_STYLE = Automatic;
				CURRENT_PROJECT_VERSION = 1;
				GENERATE_INFOPLIST_FILE = YES;
				IPHONEOS_DEPLOYMENT_TARGET = 16.2;
				MACOSX_DEPLOYMENT_TARGET = 13.1;
				MARKETING_VERSION = 1.0;
				PRODUCT_BUNDLE_IDENTIFIER = com.MV.SumSeriesUITests;
				PRODUCT_NAME = "$(TARGET_NAME)";
				SDKROOT = auto;
				SUPPORTED_PLATFORMS = "iphoneos iphonesimulator macosx";
				SWIFT_EMIT_LOC_STRINGS = NO;
				SWIFT_VERSION = 5.0;
				TARGETED_DEVICE_FAMILY = "1,2";
				TEST_TARGET_NAME = SumSeries;
			};
			name = Release;
		};
/* End XCBuildConfiguration section */

/* Begin XCConfigurationList section */
		AB4659682988432500FE3751 /* Build configuration list for PBXProject "SumSeries" */ = {
			isa = XCConfigurationList;
			buildConfigurations = (
				AB4659902988432600FE3751 /* Debug */,
				AB4659912988432600FE3751 /* Release */,
			);
			defaultConfigurationIsVisible = 0;
			defaultConfigurationName = Release;
		};
		AB4659922988432600FE3751 /* Build configuration list for PBXNativeTarget "SumSeries" */ = {
			isa = XCConfigurationList;
			buildConfigurations = (
				AB4659932988432600FE3751 /* Debug */,
				AB4659942988432600FE3751 /* Release */,
			);
			defaultConfigurationIsVisible = 0;
			defaultConfigurationName = Release;
		};
		AB4659952988432600FE3751 /* Build configuration list for PBXNativeTarget "SumSeriesTests" */ = {
			isa = XCConfigurationList;
			buildConfigurations = (
				AB4659962988432600FE3751 /* Debug */,
				AB4659972988432600FE3751 /* Release */,
			);
			defaultConfigurationIsVisible = 0;
			defaultConfigurationName = Release;
		};
		AB4659982988432600FE3751 /* Build configuration list for PBXNativeTarget "SumSeriesUITests" */ = {
			isa = XCConfigurationList;
			buildConfigurations = (
				AB4659992988432600FE3751 /* Debug */,
				AB46599A2988432600FE3751 /* Release */,
			);
			defaultConfigurationIsVisible = 0;
			defaultConfigurationName = Release;
		};
/* End XCConfigurationList section */
	};
	rootObject = AB4659652988432500FE3751 /* Project object */;
}
